
Microsoft Visual Studio Solution File, Format Version 12.00
# Visual Studio Version 16
VisualStudioVersion = 16.0.30503.244
MinimumVisualStudioVersion = 10.0.40219.1
Project("{FAE04EC0-301F-11D3-BF4B-00C04F79EFBC}") = "SRV_1", "SRV_1\SRV_1.csproj", "{61671494-8919-4D7C-A4E0-E38F10BCDEA4}"
EndProject
Global
	GlobalSection(SolutionConfigurationPlatforms) = preSolution
		Debug|Any CPU = Debug|Any CPU
		Release|Any CPU = Release|Any CPU
	EndGlobalSection
	GlobalSection(ProjectConfigurationPlatforms) = postSolution
		{61671494-8919-4D7C-A4E0-E38F10BCDEA4}.Debug|Any CPU.ActiveCfg = Debug|Any CPU
		{61671494-8919-4D7C-A4E0-E38F10BCDEA4}.Debug|Any CPU.Build.0 = Debug|Any CPU
		{61671494-8919-4D7C-A4E0-E38F10BCDEA4}.Release|Any CPU.ActiveCfg = Release|Any CPU
		{61671494-8919-4D7C-A4E0-E38F10BCDEA4}.Release|Any CPU.Build.0 = Release|Any CPU
	EndGlobalSection
	GlobalSection(SolutionProperties) = preSolution
		HideSolutionNode = FALSE
	EndGlobalSection
	GlobalSection(ExtensibilityGlobals) = postSolution
		SolutionGuid = {869D1756-B5F9-4934-8FC6-E8FE7E0CF6C2}
	EndGlobalSection
EndGlobal
